ergo.services/application v0.0.0-20240813161537-3a8d1820b3e9 h1:ZuvhQ5Xweok0Tc5T74NS2Pw5tFyEpqrRtAbm93Z/oKw=
ergo.services/application v0.0.0-20240813161537-3a8d1820b3e9/go.mod h1:KraADNdWcakhFFrKUJkAfsHNIsgSiaXghB7zgTncFLM=
ergo.services/ergo v1.999.225-0.20240813065603-2996d01df4fd h1:s0PyAIT+OAtm8casX1kMZFwBzDd2vZV+6dOE2qjpM0Q=
ergo.services/ergo v1.999.225-0.20240813065603-2996d01df4fd/go.mod h1:bLQ6PoO6Mz/8gVuzvPv3xfMfo1P9w6rZV1WnMXMeMdg=
ergo.services/logger v0.0.0-20240813161240-c5493469faab h1:vurdgbPUW6iOnmFvGEAoxgA7fqHv05BlCN6oZqSdae0=
ergo.services/logger v0.0.0-20240813161240-c5493469faab/go.mod h1:gpDWjfQm5gwvV2uIPZpOkMUJ9CHyzbX9ohXs5xj9ddg=
ergo.services/meta v0.0.0-20240813161324-e42873ff3cbd h1:A/YADOYApEHrvumyoYj/p8djPvOCASJmtzApnB+zJNw=
ergo.services/meta v0.0.0-20240813161324-e42873ff3cbd/go.mod h1:34s+8qfuYJrAprs8wPaHixQckQPi3AoT4/rGDcgQSqM=
github.com/fatih/color v1.16.0 h1:zmkK9Ngbjj+K0yRhTVONQh1p/HknKYSlNT+vZCzyokM=
github.com/fatih/color v1.16.0/go.mod h1:fL2Sau1YI5c0pdGEVCbKQbLXB6edEj1ZgiY4NijnWvE=
github.com/gorilla/websocket v1.5.0 h1:PPwGk2jz7EePpoHN/+ClbZu8SPxiqlu12wZP/3sWmnc=
github.com/gorilla/websocket v1.5.0/go.mod h1:YR8l580nyteQvAITg2hZ9XVh4b55+EU/adAjf1fMHhE=
github.com/mattn/go-colorable v0.1.13 h1:fFA4WZxdEF4tXPZVKMLwD8oUnCTTo08duU7wxecdEvA=
github.com/mattn/go-colorable v0.1.13/go.mod h1:7S9/ev0klgBDR4GtXTXX8a3vIGJpMovkB8vQcUbaXHg=
github.com/mattn/go-isatty v0.0.16/go.mod h1:kYGgaQfpe5nmfYZH+SKPsOc2e4SrIfOl2e/yFXSvRLM=
github.com/mattn/go-isatty v0.0.20 h1:xfD0iDuEKnDkl03q4limB+vH+GxLEtL/jb4xVJSWWEY=
github.com/mattn/go-isatty v0.0.20/go.mod h1:W+V8PltTTMOvKvAeJH7IuucS94S2C6jfK/D7dTCTo3Y=
golang.org/x/sys v0.0.0-20220811171246-fbc7d0a398ab/go.mod h1:oPkhp1MJrh7nUepCBck5+mAzfO9JrbApNNgaTdGDITg=
golang.org/x/sys v0.6.0/go.mod h1:oPkhp1MJrh7nUepCBck5+mAzfO9JrbApNNgaTdGDITg=
golang.org/x/sys v0.14.0 h1:Vz7Qs629MkJkGyHxUlRHizWJRG2j8fbQKjELVSNhy7Q=
golang.org/x/sys v0.14.0/go.mod h1:/VUhepiaJMQUp4+oa/7Zr1D23ma6VTLIYjOOTFZPUcA=
